// !$*UTF8*$!
{
	archiveVersion = 1;
	classes = {
	};
	objectVersion = 56;
	objects = {

/* Begin PBXBuildFile section */
		2C22CD732C5AFFBA0052461F /* MatchUpv2Tests.swift in Sources */ = {isa = PBXBuildFile; fileRef = 2C22CD722C5AFFBA0052461F /* MatchUpv2Tests.swift */; };
		2C22CD7D2C5AFFBA0052461F /* MatchUpv2UITests.swift in Sources */ = {isa = PBXBuildFile; fileRef = 2C22CD7C2C5AFFBA0052461F /* MatchUpv2UITests.swift */; };
		2C22CD7F2C5AFFBA0052461F /* MatchUpv2UITestsLaunchTests.swift in Sources */ = {isa = PBXBuildFile; fileRef = 2C22CD7E2C5AFFBA0052461F /* MatchUpv2UITestsLaunchTests.swift */; };
		2C7E96D12C5D224600F4F54F /* SchoolBoxView.swift in Sources */ = {isa = PBXBuildFile; fileRef = 2C7E96D02C5D224600F4F54F /* SchoolBoxView.swift */; };
		2C7E96D32C5D366700F4F54F /* ball.jpg in Resources */ = {isa = PBXBuildFile; fileRef = 2C7E96D22C5D366700F4F54F /* ball.jpg */; };
		2CB4DEE92C5BD321002C997C /* MapView.swift in Sources */ = {isa = PBXBuildFile; fileRef = 2CB4DEDD2C5BD321002C997C /* MapView.swift */; };
		2CB4DEEA2C5BD321002C997C /* LoadingView.swift in Sources */ = {isa = PBXBuildFile; fileRef = 2CB4DEDE2C5BD321002C997C /* LoadingView.swift */; };
		2CB4DEEC2C5BD321002C997C /* CustomTabView.swift in Sources */ = {isa = PBXBuildFile; fileRef = 2CB4DEE02C5BD321002C997C /* CustomTabView.swift */; };
		2CB4DEED2C5BD321002C997C /* AppDelegate.swift in Sources */ = {isa = PBXBuildFile; fileRef = 2CB4DEE12C5BD321002C997C /* AppDelegate.swift */; };
		2CB4DEEE2C5BD321002C997C /* MemojiView.swift in Sources */ = {isa = PBXBuildFile; fileRef = 2CB4DEE22C5BD321002C997C /* MemojiView.swift */; };
		2CB4DEEF2C5BD321002C997C /* BasketballDetailView.swift in Sources */ = {isa = PBXBuildFile; fileRef = 2CB4DEE32C5BD321002C997C /* BasketballDetailView.swift */; };
		2CB4DEF02C5BD321002C997C /* LoginView.swift in Sources */ = {isa = PBXBuildFile; fileRef = 2CB4DEE42C5BD321002C997C /* LoginView.swift */; };
		2CB4DEF12C5BD321002C997C /* NewChatView.swift in Sources */ = {isa = PBXBuildFile; fileRef = 2CB4DEE52C5BD321002C997C /* NewChatView.swift */; };
		2CB4DEF22C5BD321002C997C /* ProfileView.swift in Sources */ = {isa = PBXBuildFile; fileRef = 2CB4DEE62C5BD321002C997C /* ProfileView.swift */; };
		2CB4DEF32C5BD321002C997C /* HomeView.swift in Sources */ = {isa = PBXBuildFile; fileRef = 2CB4DEE72C5BD321002C997C /* HomeView.swift */; };
		2CB4DEF42C5BD321002C997C /* ChatView.swift in Sources */ = {isa = PBXBuildFile; fileRef = 2CB4DEE82C5BD321002C997C /* ChatView.swift */; };
		2CB4DEFB2C5BD936002C997C /* SceneView.swift in Sources */ = {isa = PBXBuildFile; fileRef = 2CB4DEFA2C5BD936002C997C /* SceneView.swift */; };
		2CB4DEFE2C5BDAD6002C997C /* face.scnz in Resources */ = {isa = PBXBuildFile; fileRef = 2CB4DEFC2C5BDAD6002C997C /* face.scnz */; };
		2CB4DEFF2C5BDAD6002C997C /* eyes+mouth.scnz in Resources */ = {isa = PBXBuildFile; fileRef = 2CB4DEFD2C5BDAD6002C997C /* eyes+mouth.scnz */; };
		2CB4DF092C5BFFED002C997C /* logo.mp4 in Resources */ = {isa = PBXBuildFile; fileRef = 2CB4DF082C5BFFEC002C997C /* logo.mp4 */; };
		2CBCE97F2C5C02790078B9FB /* VideoPlayerView.swift in Sources */ = {isa = PBXBuildFile; fileRef = 2CBCE97E2C5C02790078B9FB /* VideoPlayerView.swift */; };
/* End PBXBuildFile section */

/* Begin PBXContainerItemProxy section */
		2C22CD6F2C5AFFBA0052461F /* PBXContainerItemProxy */ = {
			isa = PBXContainerItemProxy;
			containerPortal = 2C22CD562C5AFFB70052461F /* Project object */;
			proxyType = 1;
			remoteGlobalIDString = 2C22CD5D2C5AFFB70052461F;
			remoteInfo = MatchUpv2;
		};
		2C22CD792C5AFFBA0052461F /* PBXContainerItemProxy */ = {
			isa = PBXContainerItemProxy;
			containerPortal = 2C22CD562C5AFFB70052461F /* Project object */;
			proxyType = 1;
			remoteGlobalIDString = 2C22CD5D2C5AFFB70052461F;
			remoteInfo = MatchUpv2;
		};
/* End PBXContainerItemProxy section */

/* Begin PBXFileReference section */
		2C22CD5E2C5AFFB70052461F /* MatchUpv2.app */ = {isa = PBXFileReference; explicitFileType = wrapper.application; includeInIndex = 0; path = MatchUpv2.app; sourceTree = BUILT_PRODUCTS_DIR; };
		2C22CD6E2C5AFFBA0052461F /* MatchUpv2Tests.xctest */ = {isa = PBXFileReference; explicitFileType = wrapper.cfbundle; includeInIndex = 0; path = MatchUpv2Tests.xctest; sourceTree = BUILT_PRODUCTS_DIR; };
		2C22CD722C5AFFBA0052461F /* MatchUpv2Tests.swift */ = {isa = PBXFileReference; lastKnownFileType = sourcecode.swift; path = MatchUpv2Tests.swift; sourceTree = "<group>"; };
		2C22CD782C5AFFBA0052461F /* MatchUpv2UITests.xctest */ = {isa = PBXFileReference; explicitFileType = wrapper.cfbundle; includeInIndex = 0; path = MatchUpv2UITests.xctest; sourceTree = BUILT_PRODUCTS_DIR; };
		2C22CD7C2C5AFFBA0052461F /* MatchUpv2UITests.swift */ = {isa = PBXFileReference; lastKnownFileType = sourcecode.swift; path = MatchUpv2UITests.swift; sourceTree = "<group>"; };
		2C22CD7E2C5AFFBA0052461F /* MatchUpv2UITestsLaunchTests.swift */ = {isa = PBXFileReference; lastKnownFileType = sourcecode.swift; path = MatchUpv2UITestsLaunchTests.swift; sourceTree = "<group>"; };
		2C7E96D02C5D224600F4F54F /* SchoolBoxView.swift */ = {isa = PBXFileReference; lastKnownFileType = sourcecode.swift; path = SchoolBoxView.swift; sourceTree = "<group>"; };
		2C7E96D22C5D366700F4F54F /* ball.jpg */ = {isa = PBXFileReference; lastKnownFileType = image.jpeg; name = ball.jpg; path = ../../../Downloads/ball.jpg; sourceTree = "<group>"; };
		2CB4DEDD2C5BD321002C997C /* MapView.swift */ = {isa = PBXFileReference; fileEncoding = 4; lastKnownFileType = sourcecode.swift; name = MapView.swift; path = "../../../Downloads/MatchUp-main/MapView.swift"; sourceTree = "<group>"; };
		2CB4DEDE2C5BD321002C997C /* LoadingView.swift */ = {isa = PBXFileReference; fileEncoding = 4; lastKnownFileType = sourcecode.swift; name = LoadingView.swift; path = "../../../Downloads/MatchUp-main/LoadingView.swift"; sourceTree = "<group>"; };
		2CB4DEE02C5BD321002C997C /* CustomTabView.swift */ = {isa = PBXFileReference; fileEncoding = 4; lastKnownFileType = sourcecode.swift; name = CustomTabView.swift; path = "../../../Downloads/MatchUp-main/CustomTabView.swift"; sourceTree = "<group>"; };
		2CB4DEE12C5BD321002C997C /* AppDelegate.swift */ = {isa = PBXFileReference; fileEncoding = 4; lastKnownFileType = sourcecode.swift; name = AppDelegate.swift; path = "../../../Downloads/MatchUp-main/AppDelegate.swift"; sourceTree = "<group>"; };
		2CB4DEE22C5BD321002C997C /* MemojiView.swift */ = {isa = PBXFileReference; fileEncoding = 4; lastKnownFileType = sourcecode.swift; name = MemojiView.swift; path = "../../../Downloads/MatchUp-main/MemojiView.swift"; sourceTree = "<group>"; };
		2CB4DEE32C5BD321002C997C /* BasketballDetailView.swift */ = {isa = PBXFileReference; fileEncoding = 4; lastKnownFileType = sourcecode.swift; name = BasketballDetailView.swift; path = "../../../Downloads/MatchUp-main/BasketballDetailView.swift"; sourceTree = "<group>"; };
		2CB4DEE42C5BD321002C997C /* LoginView.swift */ = {isa = PBXFileReference; fileEncoding = 4; lastKnownFileType = sourcecode.swift; name = LoginView.swift; path = "../../../Downloads/MatchUp-main/LoginView.swift"; sourceTree = "<group>"; };
		2CB4DEE52C5BD321002C997C /* NewChatView.swift */ = {isa = PBXFileReference; fileEncoding = 4; lastKnownFileType = sourcecode.swift; name = NewChatView.swift; path = "../../../Downloads/MatchUp-main/NewChatView.swift"; sourceTree = "<group>"; };
		2CB4DEE62C5BD321002C997C /* ProfileView.swift */ = {isa = PBXFileReference; fileEncoding = 4; lastKnownFileType = sourcecode.swift; name = ProfileView.swift; path = "../../../Downloads/MatchUp-main/ProfileView.swift"; sourceTree = "<group>"; };
		2CB4DEE72C5BD321002C997C /* HomeView.swift */ = {isa = PBXFileReference; fileEncoding = 4; lastKnownFileType = sourcecode.swift; name = HomeView.swift; path = "../../../Downloads/MatchUp-main/HomeView.swift"; sourceTree = "<group>"; };
		2CB4DEE82C5BD321002C997C /* ChatView.swift */ = {isa = PBXFileReference; fileEncoding = 4; lastKnownFileType = sourcecode.swift; name = ChatView.swift; path = "../../../Downloads/MatchUp-main/ChatView.swift"; sourceTree = "<group>"; };
		2CB4DEFA2C5BD936002C997C /* SceneView.swift */ = {isa = PBXFileReference; lastKnownFileType = sourcecode.swift; path = SceneView.swift; sourceTree = "<group>"; };
		2CB4DEFC2C5BDAD6002C997C /* face.scnz */ = {isa = PBXFileReference; fileEncoding = 4; lastKnownFileType = text; path = face.scnz; sourceTree = "<group>"; };
		2CB4DEFD2C5BDAD6002C997C /* eyes+mouth.scnz */ = {isa = PBXFileReference; lastKnownFileType = file; path = "eyes+mouth.scnz"; sourceTree = "<group>"; };
		2CB4DF082C5BFFEC002C997C /* logo.mp4 */ = {isa = PBXFileReference; lastKnownFileType = file; name = logo.mp4; path = ../../../Downloads/logo.mp4; sourceTree = "<group>"; };
		2CBCE97E2C5C02790078B9FB /* VideoPlayerView.swift */ = {isa = PBXFileReference; lastKnownFileType = sourcecode.swift; path = VideoPlayerView.swift; sourceTree = "<group>"; };
/* End PBXFileReference section */

/* Begin PBXFrameworksBuildPhase section */
		2C22CD5B2C5AFFB70052461F /* Frameworks */ = {
			isa = PBXFrameworksBuildPhase;
			buildActionMask = 2147483647;
			files = (
			);
			runOnlyForDeploymentPostprocessing = 0;
		};
		2C22CD6B2C5AFFBA0052461F /* Frameworks */ = {
			isa = PBXFrameworksBuildPhase;
			buildActionMask = 2147483647;
			files = (
			);
			runOnlyForDeploymentPostprocessing = 0;
		};
		2C22CD752C5AFFBA0052461F /* Frameworks */ = {
			isa = PBXFrameworksBuildPhase;
			buildActionMask = 2147483647;
			files = (
			);
			runOnlyForDeploymentPostprocessing = 0;
		};
/* End PBXFrameworksBuildPhase section */

/* Begin PBXGroup section */
		2C22CD552C5AFFB70052461F = {
			isa = PBXGroup;
			children = (
				2C22CD602C5AFFB70052461F /* MatchUpv2 */,
				2C22CD712C5AFFBA0052461F /* MatchUpv2Tests */,
				2C22CD7B2C5AFFBA0052461F /* MatchUpv2UITests */,
				2C22CD5F2C5AFFB70052461F /* Products */,
			);
			sourceTree = "<group>";
		};
		2C22CD5F2C5AFFB70052461F /* Products */ = {
			isa = PBXGroup;
			children = (
				2C22CD5E2C5AFFB70052461F /* MatchUpv2.app */,
				2C22CD6E2C5AFFBA0052461F /* MatchUpv2Tests.xctest */,
				2C22CD782C5AFFBA0052461F /* MatchUpv2UITests.xctest */,
			);
			name = Products;
			sourceTree = "<group>";
		};
		2C22CD602C5AFFB70052461F /* MatchUpv2 */ = {
			isa = PBXGroup;
			children = (
				2CB4DEE12C5BD321002C997C /* AppDelegate.swift */,
				2CB4DEE32C5BD321002C997C /* BasketballDetailView.swift */,
				2CB4DEE82C5BD321002C997C /* ChatView.swift */,
				2CB4DEE02C5BD321002C997C /* CustomTabView.swift */,
				2CB4DEE72C5BD321002C997C /* HomeView.swift */,
				2C7E96D22C5D366700F4F54F /* ball.jpg */,
				2CB4DEDE2C5BD321002C997C /* LoadingView.swift */,
				2C7E96D02C5D224600F4F54F /* SchoolBoxView.swift */,
				2CB4DEE42C5BD321002C997C /* LoginView.swift */,
				2CBCE97E2C5C02790078B9FB /* VideoPlayerView.swift */,
				2CB4DF082C5BFFEC002C997C /* logo.mp4 */,
				2CB4DEDD2C5BD321002C997C /* MapView.swift */,
				2CB4DEE22C5BD321002C997C /* MemojiView.swift */,
				2CB4DEFA2C5BD936002C997C /* SceneView.swift */,
				2CB4DEE52C5BD321002C997C /* NewChatView.swift */,
				2CB4DEE62C5BD321002C997C /* ProfileView.swift */,
				2CB4DEFD2C5BDAD6002C997C /* eyes+mouth.scnz */,
				2CB4DEFC2C5BDAD6002C997C /* face.scnz */,
				2C22CD672C5AFFBA0052461F /* Preview Content */,
			);
			path = MatchUpv2;
			sourceTree = "<group>";
		};
		2C22CD672C5AFFBA0052461F /* Preview Content */ = {
			isa = PBXGroup;
			children = (
			);
			path = "Preview Content";
			sourceTree = "<group>";
		};
		2C22CD712C5AFFBA0052461F /* MatchUpv2Tests */ = {
			isa = PBXGroup;
			children = (
				2C22CD722C5AFFBA0052461F /* MatchUpv2Tests.swift */,
			);
			path = MatchUpv2Tests;
			sourceTree = "<group>";
		};
		2C22CD7B2C5AFFBA0052461F /* MatchUpv2UITests */ = {
			isa = PBXGroup;
			children = (
				2C22CD7C2C5AFFBA0052461F /* MatchUpv2UITests.swift */,
				2C22CD7E2C5AFFBA0052461F /* MatchUpv2UITestsLaunchTests.swift */,
			);
			path = MatchUpv2UITests;
			sourceTree = "<group>";
		};
/* End PBXGroup section */

/* Begin PBXNativeTarget section */
		2C22CD5D2C5AFFB70052461F /* MatchUpv2 */ = {
			isa = PBXNativeTarget;
			buildConfigurationList = 2C22CD822C5AFFBA0052461F /* Build configuration list for PBXNativeTarget "MatchUpv2" */;
			buildPhases = (
				2C22CD5A2C5AFFB70052461F /* Sources */,
				2C22CD5B2C5AFFB70052461F /* Frameworks */,
				2C22CD5C2C5AFFB70052461F /* Resources */,
			);
			buildRules = (
			);
			dependencies = (
			);
			name = MatchUpv2;
			productName = MatchUpv2;
			productReference = 2C22CD5E2C5AFFB70052461F /* MatchUpv2.app */;
			productType = "com.apple.product-type.application";
		};
		2C22CD6D2C5AFFBA0052461F /* MatchUpv2Tests */ = {
			isa = PBXNativeTarget;
			buildConfigurationList = 2C22CD852C5AFFBA0052461F /* Build configuration list for PBXNativeTarget "MatchUpv2Tests" */;
			buildPhases = (
				2C22CD6A2C5AFFBA0052461F /* Sources */,
				2C22CD6B2C5AFFBA0052461F /* Frameworks */,
				2C22CD6C2C5AFFBA0052461F /* Resources */,
			);
			buildRules = (
			);
			dependencies = (
				2C22CD702C5AFFBA0052461F /* PBXTargetDependency */,
			);
			name = MatchUpv2Tests;
			productName = MatchUpv2Tests;
			productReference = 2C22CD6E2C5AFFBA0052461F /* MatchUpv2Tests.xctest */;
			productType = "com.apple.product-type.bundle.unit-test";
		};
		2C22CD772C5AFFBA0052461F /* MatchUpv2UITests */ = {
			isa = PBXNativeTarget;
			buildConfigurationList = 2C22CD882C5AFFBA0052461F /* Build configuration list for PBXNativeTarget "MatchUpv2UITests" */;
			buildPhases = (
				2C22CD742C5AFFBA0052461F /* Sources */,
				2C22CD752C5AFFBA0052461F /* Frameworks */,
				2C22CD762C5AFFBA0052461F /* Resources */,
			);
			buildRules = (
			);
			dependencies = (
				2C22CD7A2C5AFFBA0052461F /* PBXTargetDependency */,
			);
			name = MatchUpv2UITests;
			productName = MatchUpv2UITests;
			productReference = 2C22CD782C5AFFBA0052461F /* MatchUpv2UITests.xctest */;
			productType = "com.apple.product-type.bundle.ui-testing";
		};
/* End PBXNativeTarget section */

/* Begin PBXProject section */
		2C22CD562C5AFFB70052461F /* Project object */ = {
			isa = PBXProject;
			attributes = {
				BuildIndependentTargetsInParallel = 1;
				LastSwiftUpdateCheck = 1540;
				LastUpgradeCheck = 1540;
				TargetAttributes = {
					2C22CD5D2C5AFFB70052461F = {
						CreatedOnToolsVersion = 15.4;
						LastSwiftMigration = 1540;
					};
					2C22CD6D2C5AFFBA0052461F = {
						CreatedOnToolsVersion = 15.4;
						TestTargetID = 2C22CD5D2C5AFFB70052461F;
					};
					2C22CD772C5AFFBA0052461F = {
						CreatedOnToolsVersion = 15.4;
						TestTargetID = 2C22CD5D2C5AFFB70052461F;
					};
				};
			};
			buildConfigurationList = 2C22CD592C5AFFB70052461F /* Build configuration list for PBXProject "MatchUpv2" */;
			compatibilityVersion = "Xcode 14.0";
			developmentRegion = en;
			hasScannedForEncodings = 0;
			knownRegions = (
				en,
				Base,
			);
			mainGroup = 2C22CD552C5AFFB70052461F;
			productRefGroup = 2C22CD5F2C5AFFB70052461F /* Products */;
			projectDirPath = "";
			projectRoot = "";
			targets = (
				2C22CD5D2C5AFFB70052461F /* MatchUpv2 */,
				2C22CD6D2C5AFFBA0052461F /* MatchUpv2Tests */,
				2C22CD772C5AFFBA0052461F /* MatchUpv2UITests */,
			);
		};
/* End PBXProject section */

/* Begin PBXResourcesBuildPhase section */
		2C22CD5C2C5AFFB70052461F /* Resources */ = {
			isa = PBXResourcesBuildPhase;
			buildActionMask = 2147483647;
			files = (
				2CB4DF092C5BFFED002C997C /* logo.mp4 in Resources */,
				2CB4DEFE2C5BDAD6002C997C /* face.scnz in Resources */,
				2C7E96D32C5D366700F4F54F /* ball.jpg in Resources */,
				2CB4DEFF2C5BDAD6002C997C /* eyes+mouth.scnz in Resources */,
			);
			runOnlyForDeploymentPostprocessing = 0;
		};
		2C22CD6C2C5AFFBA0052461F /* Resources */ = {
			isa = PBXResourcesBuildPhase;
			buildActionMask = 2147483647;
			files = (
			);
			runOnlyForDeploymentPostprocessing = 0;
		};
		2C22CD762C5AFFBA0052461F /* Resources */ = {
			isa = PBXResourcesBuildPhase;
			buildActionMask = 2147483647;
			files = (
			);
			runOnlyForDeploymentPostprocessing = 0;
		};
/* End PBXResourcesBuildPhase section */

/* Begin PBXSourcesBuildPhase section */
		2C22CD5A2C5AFFB70052461F /* Sources */ = {
			isa = PBXSourcesBuildPhase;
			buildActionMask = 2147483647;
			files = (
				2CB4DEED2C5BD321002C997C /* AppDelegate.swift in Sources */,
				2CB4DEF22C5BD321002C997C /* ProfileView.swift in Sources */,
				2C7E96D12C5D224600F4F54F /* SchoolBoxView.swift in Sources */,
				2CB4DEF12C5BD321002C997C /* NewChatView.swift in Sources */,
				2CB4DEF32C5BD321002C997C /* HomeView.swift in Sources */,
				2CB4DEF42C5BD321002C997C /* ChatView.swift in Sources */,
				2CB4DEF02C5BD321002C997C /* LoginView.swift in Sources */,
				2CB4DEEC2C5BD321002C997C /* CustomTabView.swift in Sources */,
				2CB4DEEF2C5BD321002C997C /* BasketballDetailView.swift in Sources */,
				2CB4DEE92C5BD321002C997C /* MapView.swift in Sources */,
				2CB4DEEA2C5BD321002C997C /* LoadingView.swift in Sources */,
				2CB4DEEE2C5BD321002C997C /* MemojiView.swift in Sources */,
				2CB4DEFB2C5BD936002C997C /* SceneView.swift in Sources */,
				2CBCE97F2C5C02790078B9FB /* VideoPlayerView.swift in Sources */,
			);
			runOnlyForDeploymentPostprocessing = 0;
		};
		2C22CD6A2C5AFFBA0052461F /* Sources */ = {
			isa = PBXSourcesBuildPhase;
			buildActionMask = 2147483647;
			files = (
				2C22CD732C5AFFBA0052461F /* MatchUpv2Tests.swift in Sources */,
			);
			runOnlyForDeploymentPostprocessing = 0;
		};
		2C22CD742C5AFFBA0052461F /* Sources */ = {
			isa = PBXSourcesBuildPhase;
			buildActionMask = 2147483647;
			files = (
				2C22CD7D2C5AFFBA0052461F /* MatchUpv2UITests.swift in Sources */,
				2C22CD7F2C5AFFBA0052461F /* MatchUpv2UITestsLaunchTests.swift in Sources */,
			);
			runOnlyForDeploymentPostprocessing = 0;
		};
/* End PBXSourcesBuildPhase section */

/* Begin PBXTargetDependency section */
		2C22CD702C5AFFBA0052461F /* PBXTargetDependency */ = {
			isa = PBXTargetDependency;
			target = 2C22CD5D2C5AFFB70052461F /* MatchUpv2 */;
			targetProxy = 2C22CD6F2C5AFFBA0052461F /* PBXContainerItemProxy */;
		};
		2C22CD7A2C5AFFBA0052461F /* PBXTargetDependency */ = {
			isa = PBXTargetDependency;
			target = 2C22CD5D2C5AFFB70052461F /* MatchUpv2 */;
			targetProxy = 2C22CD792C5AFFBA0052461F /* PBXContainerItemProxy */;
		};
/* End PBXTargetDependency section */

/* Begin XCBuildConfiguration section */
		2C22CD802C5AFFBA0052461F /* Debug */ = {
			isa = XCBuildConfiguration;
			buildSettings = {
				ALWAYS_SEARCH_USER_PATHS = NO;
				ASSETCATALOG_COMPILER_GENERATE_SWIFT_ASSET_SYMBOL_EXTENSIONS = YES;
				CLANG_ANALYZER_NONNULL = YES;
				CLANG_ANALYZER_NUMBER_OBJECT_CONVERSION = YES_AGGRESSIVE;
				CLANG_CXX_LANGUAGE_STANDARD = "gnu++20";
				CLANG_ENABLE_MODULES = YES;
				CLANG_ENABLE_OBJC_ARC = YES;
				CLANG_ENABLE_OBJC_WEAK = YES;
				CLANG_WARN_BLOCK_CAPTURE_AUTORELEASING = YES;
				CLANG_WARN_BOOL_CONVERSION = YES;
				CLANG_WARN_COMMA = YES;
				CLANG_WARN_CONSTANT_CONVERSION = YES;
				CLANG_WARN_DEPRECATED_OBJC_IMPLEMENTATIONS = YES;
				CLANG_WARN_DIRECT_OBJC_ISA_USAGE = YES_ERROR;
				CLANG_WARN_DOCUMENTATION_COMMENTS = YES;
				CLANG_WARN_EMPTY_BODY = YES;
				CLANG_WARN_ENUM_CONVERSION = YES;
				CLANG_WARN_INFINITE_RECURSION = YES;
				CLANG_WARN_INT_CONVERSION = YES;
				CLANG_WARN_NON_LITERAL_NULL_CONVERSION = YES;
				CLANG_WARN_OBJC_IMPLICIT_RETAIN_SELF = YES;
				CLANG_WARN_OBJC_LITERAL_CONVERSION = YES;
				CLANG_WARN_OBJC_ROOT_CLASS = YES_ERROR;
				CLANG_WARN_QUOTED_INCLUDE_IN_FRAMEWORK_HEADER = YES;
				CLANG_WARN_RANGE_LOOP_ANALYSIS = YES;
				CLANG_WARN_STRICT_PROTOTYPES = YES;
				CLANG_WARN_SUSPICIOUS_MOVE = YES;
				CLANG_WARN_UNGUARDED_AVAILABILITY = YES_AGGRESSIVE;
				CLANG_WARN_UNREACHABLE_CODE = YES;
				CLANG_WARN__DUPLICATE_METHOD_MATCH = YES;
				COPY_PHASE_STRIP = NO;
				DEBUG_INFORMATION_FORMAT = dwarf;
				ENABLE_STRICT_OBJC_MSGSEND = YES;
				ENABLE_TESTABILITY = YES;
				ENABLE_USER_SCRIPT_SANDBOXING = YES;
				GCC_C_LANGUAGE_STANDARD = gnu17;
				GCC_DYNAMIC_NO_PIC = NO;
				GCC_NO_COMMON_BLOCKS = YES;
				GCC_OPTIMIZATION_LEVEL = 0;
				GCC_PREPROCESSOR_DEFINITIONS = (
					"DEBUG=1",
					"$(inherited)",
				);
				GCC_WARN_64_TO_32_BIT_CONVERSION = YES;
				GCC_WARN_ABOUT_RETURN_TYPE = YES_ERROR;
				GCC_WARN_UNDECLARED_SELECTOR = YES;
				GCC_WARN_UNINITIALIZED_AUTOS = YES_AGGRESSIVE;
				GCC_WARN_UNUSED_FUNCTION = YES;
				GCC_WARN_UNUSED_VARIABLE = YES;
				IPHONEOS_DEPLOYMENT_TARGET = 17.5;
				LOCALIZATION_PREFERS_STRING_CATALOGS = YES;
				MTL_ENABLE_DEBUG_INFO = INCLUDE_SOURCE;
				MTL_FAST_MATH = YES;
				ONLY_ACTIVE_ARCH = YES;
				SDKROOT = iphoneos;
				SWIFT_ACTIVE_COMPILATION_CONDITIONS = "DEBUG $(inherited)";
				SWIFT_OPTIMIZATION_LEVEL = "-Onone";
			};
			name = Debug;
		};
		2C22CD812C5AFFBA0052461F /* Release */ = {
			isa = XCBuildConfiguration;
			buildSettings = {
				ALWAYS_SEARCH_USER_PATHS = NO;
				ASSETCATALOG_COMPILER_GENERATE_SWIFT_ASSET_SYMBOL_EXTENSIONS = YES;
				CLANG_ANALYZER_NONNULL = YES;
				CLANG_ANALYZER_NUMBER_OBJECT_CONVERSION = YES_AGGRESSIVE;
				CLANG_CXX_LANGUAGE_STANDARD = "gnu++20";
				CLANG_ENABLE_MODULES = YES;
				CLANG_ENABLE_OBJC_ARC = YES;
				CLANG_ENABLE_OBJC_WEAK = YES;
				CLANG_WARN_BLOCK_CAPTURE_AUTORELEASING = YES;
				CLANG_WARN_BOOL_CONVERSION = YES;
				CLANG_WARN_COMMA = YES;
				CLANG_WARN_CONSTANT_CONVERSION = YES;
				CLANG_WARN_DEPRECATED_OBJC_IMPLEMENTATIONS = YES;
				CLANG_WARN_DIRECT_OBJC_ISA_USAGE = YES_ERROR;
				CLANG_WARN_DOCUMENTATION_COMMENTS = YES;
				CLANG_WARN_EMPTY_BODY = YES;
				CLANG_WARN_ENUM_CONVERSION = YES;
				CLANG_WARN_INFINITE_RECURSION = YES;
				CLANG_WARN_INT_CONVERSION = YES;
				CLANG_WARN_NON_LITERAL_NULL_CONVERSION = YES;
				CLANG_WARN_OBJC_IMPLICIT_RETAIN_SELF = YES;
				CLANG_WARN_OBJC_LITERAL_CONVERSION = YES;
				CLANG_WARN_OBJC_ROOT_CLASS = YES_ERROR;
				CLANG_WARN_QUOTED_INCLUDE_IN_FRAMEWORK_HEADER = YES;
				CLANG_WARN_RANGE_LOOP_ANALYSIS = YES;
				CLANG_WARN_STRICT_PROTOTYPES = YES;
				CLANG_WARN_SUSPICIOUS_MOVE = YES;
				CLANG_WARN_UNGUARDED_AVAILABILITY = YES_AGGRESSIVE;
				CLANG_WARN_UNREACHABLE_CODE = YES;
				CLANG_WARN__DUPLICATE_METHOD_MATCH = YES;
				COPY_PHASE_STRIP = NO;
				DEBUG_INFORMATION_FORMAT = "dwarf-with-dsym";
				ENABLE_NS_ASSERTIONS = NO;
				ENABLE_STRICT_OBJC_MSGSEND = YES;
				ENABLE_USER_SCRIPT_SANDBOXING = YES;
				GCC_C_LANGUAGE_STANDARD = gnu17;
				GCC_NO_COMMON_BLOCKS = YES;
				GCC_WARN_64_TO_32_BIT_CONVERSION = YES;
				GCC_WARN_ABOUT_RETURN_TYPE = YES_ERROR;
				GCC_WARN_UNDECLARED_SELECTOR = YES;
				GCC_WARN_UNINITIALIZED_AUTOS = YES_AGGRESSIVE;
				GCC_WARN_UNUSED_FUNCTION = YES;
				GCC_WARN_UNUSED_VARIABLE = YES;
				IPHONEOS_DEPLOYMENT_TARGET = 17.5;
				LOCALIZATION_PREFERS_STRING_CATALOGS = YES;
				MTL_ENABLE_DEBUG_INFO = NO;
				MTL_FAST_MATH = YES;
				SDKROOT = iphoneos;
				SWIFT_COMPILATION_MODE = wholemodule;
				VALIDATE_PRODUCT = YES;
			};
			name = Release;
		};
		2C22CD832C5AFFBA0052461F /* Debug */ = {
			isa = XCBuildConfiguration;
			buildSettings = {
				ASSETCATALOG_COMPILER_APPICON_NAME = AppIcon;
				ASSETCATALOG_COMPILER_GLOBAL_ACCENT_COLOR_NAME = AccentColor;
				CLANG_ENABLE_MODULES = YES;
				CODE_SIGN_STYLE = Automatic;
				CURRENT_PROJECT_VERSION = 1;
				DEVELOPMENT_ASSET_PATHS = "\"MatchUpv2/Preview Content\"";
				DEVELOPMENT_TEAM = RUH6K4QV9L;
				ENABLE_PREVIEWS = YES;
				GENERATE_INFOPLIST_FILE = YES;
				INFOPLIST_KEY_UIApplicationSceneManifest_Generation = YES;
				INFOPLIST_KEY_UIApplicationSupportsIndirectInputEvents = YES;
				INFOPLIST_KEY_UILaunchScreen_Generation = YES;
				INFOPLIST_KEY_UISupportedInterfaceOrientations_iPad = "UIInterfaceOrientationPortrait UIInterfaceOrientationPortraitUpsideDown UIInterfaceOrientationLandscapeLeft UIInterfaceOrientationLandscapeRight";
				INFOPLIST_KEY_UISupportedInterfaceOrientations_iPhone = "UIInterfaceOrientationPortrait UIInterfaceOrientationLandscapeLeft UIInterfaceOrientationLandscapeRight";
				LD_RUNPATH_SEARCH_PATHS = (
					"$(inherited)",
					"@executable_path/Frameworks",
				);
				MARKETING_VERSION = 1.0;
				PRODUCT_BUNDLE_IDENTIFIER = MatchUp.MatchUpv2;
				PRODUCT_NAME = "$(TARGET_NAME)";
				SWIFT_EMIT_LOC_STRINGS = YES;
				SWIFT_OBJC_BRIDGING_HEADER = "MatchUpv2/MatchUpv2-Bridging-Header.h";
				SWIFT_OPTIMIZATION_LEVEL = "-Onone";
				SWIFT_VERSION = 5.0;
				TARGETED_DEVICE_FAMILY = "1,2";
			};
			name = Debug;
		};
		2C22CD842C5AFFBA0052461F /* Release */ = {
			isa = XCBuildConfiguration;
			buildSettings = {
				ASSETCATALOG_COMPILER_APPICON_NAME = AppIcon;
				ASSETCATALOG_COMPILER_GLOBAL_ACCENT_COLOR_NAME = AccentColor;
				CLANG_ENABLE_MODULES = YES;
				CODE_SIGN_STYLE = Automatic;
				CURRENT_PROJECT_VERSION = 1;
				DEVELOPMENT_ASSET_PATHS = "\"MatchUpv2/Preview Content\"";
				DEVELOPMENT_TEAM = RUH6K4QV9L;
				ENABLE_PREVIEWS = YES;
				GENERATE_INFOPLIST_FILE = YES;
				INFOPLIST_KEY_UIApplicationSceneManifest_Generation = YES;
				INFOPLIST_KEY_UIApplicationSupportsIndirectInputEvents = YES;
				INFOPLIST_KEY_UILaunchScreen_Generation = YES;
				INFOPLIST_KEY_UISupportedInterfaceOrientations_iPad = "UIInterfaceOrientationPortrait UIInterfaceOrientationPortraitUpsideDown UIInterfaceOrientationLandscapeLeft UIInterfaceOrientationLandscapeRight";
				INFOPLIST_KEY_UISupportedInterfaceOrientations_iPhone = "UIInterfaceOrientationPortrait UIInterfaceOrientationLandscapeLeft UIInterfaceOrientationLandscapeRight";
				LD_RUNPATH_SEARCH_PATHS = (
					"$(inherited)",
					"@executable_path/Frameworks",
				);
				MARKETING_VERSION = 1.0;
				PRODUCT_BUNDLE_IDENTIFIER = MatchUp.MatchUpv2;
				PRODUCT_NAME = "$(TARGET_NAME)";
				SWIFT_EMIT_LOC_STRINGS = YES;
				SWIFT_OBJC_BRIDGING_HEADER = "MatchUpv2/MatchUpv2-Bridging-Header.h";
				SWIFT_VERSION = 5.0;
				TARGETED_DEVICE_FAMILY = "1,2";
			};
			name = Release;
		};
		2C22CD862C5AFFBA0052461F /* Debug */ = {
			isa = XCBuildConfiguration;
			buildSettings = {
				ALWAYS_EMBED_SWIFT_STANDARD_LIBRARIES = YES;
				BUNDLE_LOADER = "$(TEST_HOST)";
				CODE_SIGN_STYLE = Automatic;
				CURRENT_PROJECT_VERSION = 1;
				GENERATE_INFOPLIST_FILE = YES;
				IPHONEOS_DEPLOYMENT_TARGET = 17.5;
				MARKETING_VERSION = 1.0;
				PRODUCT_BUNDLE_IDENTIFIER = MatchUp.MatchUpv2Tests;
				PRODUCT_NAME = "$(TARGET_NAME)";
				SWIFT_EMIT_LOC_STRINGS = NO;
				SWIFT_VERSION = 5.0;
				TARGETED_DEVICE_FAMILY = "1,2";
				TEST_HOST = "$(BUILT_PRODUCTS_DIR)/MatchUpv2.app/$(BUNDLE_EXECUTABLE_FOLDER_PATH)/MatchUpv2";
			};
			name = Debug;
		};
		2C22CD872C5AFFBA0052461F /* Release */ = {
			isa = XCBuildConfiguration;
			buildSettings = {
				ALWAYS_EMBED_SWIFT_STANDARD_LIBRARIES = YES;
				BUNDLE_LOADER = "$(TEST_HOST)";
				CODE_SIGN_STYLE = Automatic;
				CURRENT_PROJECT_VERSION = 1;
				GENERATE_INFOPLIST_FILE = YES;
				IPHONEOS_DEPLOYMENT_TARGET = 17.5;
				MARKETING_VERSION = 1.0;
				PRODUCT_BUNDLE_IDENTIFIER = MatchUp.MatchUpv2Tests;
				PRODUCT_NAME = "$(TARGET_NAME)";
				SWIFT_EMIT_LOC_STRINGS = NO;
				SWIFT_VERSION = 5.0;
				TARGETED_DEVICE_FAMILY = "1,2";
				TEST_HOST = "$(BUILT_PRODUCTS_DIR)/MatchUpv2.app/$(BUNDLE_EXECUTABLE_FOLDER_PATH)/MatchUpv2";
			};
			name = Release;
		};
		2C22CD892C5AFFBA0052461F /* Debug */ = {
			isa = XCBuildConfiguration;
			buildSettings = {
				ALWAYS_EMBED_SWIFT_STANDARD_LIBRARIES = YES;
				CODE_SIGN_STYLE = Automatic;
				CURRENT_PROJECT_VERSION = 1;
				GENERATE_INFOPLIST_FILE = YES;
				MARKETING_VERSION = 1.0;
				PRODUCT_BUNDLE_IDENTIFIER = MatchUp.MatchUpv2UITests;
				PRODUCT_NAME = "$(TARGET_NAME)";
				SWIFT_EMIT_LOC_STRINGS = NO;
				SWIFT_VERSION = 5.0;
				TARGETED_DEVICE_FAMILY = "1,2";
				TEST_TARGET_NAME = MatchUpv2;
			};
			name = Debug;
		};
		2C22CD8A2C5AFFBA0052461F /* Release */ = {
			isa = XCBuildConfiguration;
			buildSettings = {
				ALWAYS_EMBED_SWIFT_STANDARD_LIBRARIES = YES;
				CODE_SIGN_STYLE = Automatic;
				CURRENT_PROJECT_VERSION = 1;
				GENERATE_INFOPLIST_FILE = YES;
				MARKETING_VERSION = 1.0;
				PRODUCT_BUNDLE_IDENTIFIER = MatchUp.MatchUpv2UITests;
				PRODUCT_NAME = "$(TARGET_NAME)";
				SWIFT_EMIT_LOC_STRINGS = NO;
				SWIFT_VERSION = 5.0;
				TARGETED_DEVICE_FAMILY = "1,2";
				TEST_TARGET_NAME = MatchUpv2;
			};
			name = Release;
		};
/* End XCBuildConfiguration section */

/* Begin XCConfigurationList section */
		2C22CD592C5AFFB70052461F /* Build configuration list for PBXProject "MatchUpv2" */ = {
			isa = XCConfigurationList;
			buildConfigurations = (
				2C22CD802C5AFFBA0052461F /* Debug */,
				2C22CD812C5AFFBA0052461F /* Release */,
			);
			defaultConfigurationIsVisible = 0;
			defaultConfigurationName = Release;
		};
		2C22CD822C5AFFBA0052461F /* Build configuration list for PBXNativeTarget "MatchUpv2" */ = {
			isa = XCConfigurationList;
			buildConfigurations = (
				2C22CD832C5AFFBA0052461F /* Debug */,
				2C22CD842C5AFFBA0052461F /* Release */,
			);
			defaultConfigurationIsVisible = 0;
			defaultConfigurationName = Release;
		};
		2C22CD852C5AFFBA0052461F /* Build configuration list for PBXNativeTarget "MatchUpv2Tests" */ = {
			isa = XCConfigurationList;
			buildConfigurations = (
				2C22CD862C5AFFBA0052461F /* Debug */,
				2C22CD872C5AFFBA0052461F /* Release */,
			);
			defaultConfigurationIsVisible = 0;
			defaultConfigurationName = Release;
		};
		2C22CD882C5AFFBA0052461F /* Build configuration list for PBXNativeTarget "MatchUpv2UITests" */ = {
			isa = XCConfigurationList;
			buildConfigurations = (
				2C22CD892C5AFFBA0052461F /* Debug */,
				2C22CD8A2C5AFFBA0052461F /* Release */,
			);
			defaultConfigurationIsVisible = 0;
			defaultConfigurationName = Release;
		};
/* End XCConfigurationList section */
	};
	rootObject = 2C22CD562C5AFFB70052461F /* Project object */;
}
